# Generated by pub
# See https://dart.dev/tools/pub/glossary#lockfile
packages:
  animated_flip_counter:
    dependency: "direct main"
    description:
      name: animated_flip_counter
      sha256: "2c25ace054ac3932a3f203875a90ddae760ba7016cb9233573067a12ae51e3c6"
      url: "https://pub.dev"
    source: hosted
    version: "0.2.6"
  args:
    dependency: transitive
    description:
      name: args
      sha256: eef6c46b622e0494a36c5a12d10d77fb4e855501a91c1b9ef9339326e58f0596
      url: "https://pub.dev"
    source: hosted
    version: "2.4.2"
  asn1lib:
    dependency: transitive
    description:
      name: asn1lib
      sha256: "21afe4333076c02877d14f4a89df111e658a6d466cbfc802eb705eb91bd5adfd"
      url: "https://pub.dev"
    source: hosted
    version: "1.5.0"
  async:
    dependency: transitive
    description:
      name: async
      sha256: "947bfcf187f74dbc5e146c9eb9c0f10c9f8b30743e341481c1e2ed3ecc18c20c"
      url: "https://pub.dev"
    source: hosted
    version: "2.11.0"
  boolean_selector:
    dependency: transitive
    description:
      name: boolean_selector
      sha256: "6cfb5af12253eaf2b368f07bacc5a80d1301a071c73360d746b7f2e32d762c66"
      url: "https://pub.dev"
    source: hosted
    version: "2.1.1"
  carousel_slider:
    dependency: "direct main"
    description:
      name: carousel_slider
      sha256: "9c695cc963bf1d04a47bd6021f68befce8970bcd61d24938e1fb0918cf5d9c42"
      url: "https://pub.dev"
    source: hosted
    version: "4.2.1"
  characters:
    dependency: transitive
    description:
      name: characters
      sha256: "04a925763edad70e8443c99234dc3328f442e811f1d8fd1a72f1c8ad0f69a605"
      url: "https://pub.dev"
    source: hosted
    version: "1.3.0"
  clock:
    dependency: transitive
    description:
      name: clock
      sha256: cb6d7f03e1de671e34607e909a7213e31d7752be4fb66a86d29fe1eb14bfb5cf
      url: "https://pub.dev"
    source: hosted
    version: "1.1.1"
  collection:
    dependency: transitive
    description:
      name: collection
      sha256: "4a07be6cb69c84d677a6c3096fcf960cc3285a8330b4603e0d463d15d9bd934c"
      url: "https://pub.dev"
    source: hosted
    version: "1.17.1"
  comparer:
    dependency: transitive
    description:
      name: comparer
      sha256: "64682a5ab5767ebf840bc4027abc8b41a8a28f1c32bca252e4456f4236e2ac4e"
      url: "https://pub.dev"
    source: hosted
    version: "2.0.1"
  convert:
    dependency: transitive
    description:
      name: convert
      sha256: "0f08b14755d163f6e2134cb58222dd25ea2a2ee8a195e53983d57c075324d592"
      url: "https://pub.dev"
    source: hosted
    version: "3.1.1"
  counter:
    dependency: "direct main"
    description:
      name: counter
      sha256: "501cd9478339f92aed9d339112cc81cb994a078a903112ebcd0a47db7c557380"
      url: "https://pub.dev"
    source: hosted
    version: "0.2.2"
  crypto:
    dependency: transitive
    description:
      name: crypto
      sha256: ff625774173754681d66daaf4a448684fb04b78f902da9cb3d308c19cc5e8bab
      url: "https://pub.dev"
    source: hosted
    version: "3.0.3"
  crypton:
    dependency: transitive
    description:
      name: crypton
      sha256: dc939afa51968664f92d09ac13039884875f38ca31285861a0b3aadc96e0aaa8
      url: "https://pub.dev"
    source: hosted
    version: "2.2.0"
  cupertino_icons:
    dependency: "direct main"
    description:
      name: cupertino_icons
      sha256: e35129dc44c9118cee2a5603506d823bab99c68393879edb440e0090d07586be
      url: "https://pub.dev"
    source: hosted
    version: "1.0.5"
  custom_check_box:
    dependency: "direct main"
    description:
      name: custom_check_box
      sha256: "14c8032de33a506eb46e1c47821e95ea9d5b217438567be60bc3f75770cb11ee"
      url: "https://pub.dev"
    source: hosted
    version: "0.0.4"
  dot_navigation_bar:
    dependency: "direct main"
    description:
      name: dot_navigation_bar
      sha256: "753e1d91644e39beddd0a4ed7e366f37a95e38cafb601c3b7496120ae0532f63"
      url: "https://pub.dev"
    source: hosted
    version: "1.0.2"
  easy_container:
    dependency: "direct main"
    description:
      name: easy_container
      sha256: b3264401acca9c6a512e4221169b619320e489451bae2213832aee68fb741196
      url: "https://pub.dev"
    source: hosted
    version: "1.0.4+1"
  expandable_text:
    dependency: "direct main"
    description:
      name: expandable_text
      sha256: "7d03ea48af6987b20ece232678b744862aa3250d4a71e2aaf1e4af90015d76b1"
      url: "https://pub.dev"
    source: hosted
    version: "2.3.0"
  fake_async:
    dependency: transitive
    description:
      name: fake_async
      sha256: "511392330127add0b769b75a987850d136345d9227c6b94c96a04cf4a391bf78"
      url: "https://pub.dev"
    source: hosted
    version: "1.3.1"
  flutter:
    dependency: "direct main"
    description: flutter
    source: sdk
    version: "0.0.0"
  flutter_carousel_widget:
    dependency: "direct main"
    description:
      name: flutter_carousel_widget
      sha256: "4abd72747196e0c070594f27870360a41d693dfebc275d9ed27ff738c3271838"
      url: "https://pub.dev"
    source: hosted
    version: "2.0.4"
  flutter_credit_card:
    dependency: "direct main"
    description:
      name: flutter_credit_card
      sha256: "95522e85b7bccaf4829218890549dd70e2d82e78c7eb8ab6b03e2e7ce733934c"
      url: "https://pub.dev"
    source: hosted
    version: "3.0.7"
  flutter_floating_bottom_bar:
    dependency: "direct main"
    description:
      name: flutter_floating_bottom_bar
      sha256: "6bf970ebbf8aad8d4179c42379cc8b27b5321e0b9a2f93d580cfa5666d99b07a"
      url: "https://pub.dev"
    source: hosted
    version: "1.1.0"
  flutter_lints:
    dependency: "direct dev"
    description:
      name: flutter_lints
      sha256: "2118df84ef0c3ca93f96123a616ae8540879991b8b57af2f81b76a7ada49b2a4"
      url: "https://pub.dev"
    source: hosted
    version: "2.0.2"
  flutter_localizations:
    dependency: transitive
    description: flutter
    source: sdk
    version: "0.0.0"
  flutter_svg:
    dependency: "direct main"
    description:
      name: flutter_svg
      sha256: "8c5d68a82add3ca76d792f058b186a0599414f279f00ece4830b9b231b570338"
      url: "https://pub.dev"
    source: hosted
    version: "2.0.7"
  flutter_test:
    dependency: "direct dev"
    description: flutter
    source: sdk
    version: "0.0.0"
  http:
    dependency: transitive
    description:
      name: http
      sha256: "5895291c13fa8a3bd82e76d5627f69e0d85ca6a30dcac95c4ea19a5d555879c2"
      url: "https://pub.dev"
    source: hosted
    version: "0.13.6"
  http_parser:
    dependency: transitive
    description:
      name: http_parser
      sha256: "2aa08ce0341cc9b354a498388e30986515406668dbcc4f7c950c3e715496693b"
      url: "https://pub.dev"
    source: hosted
    version: "4.0.2"
  intl:
    dependency: transitive
    description:
      name: intl
      sha256: a3715e3bc90294e971cb7dc063fbf3cd9ee0ebf8604ffeafabd9e6f16abbdbe6
      url: "https://pub.dev"
    source: hosted
    version: "0.18.0"
  js:
    dependency: transitive
    description:
      name: js
      sha256: f2c445dce49627136094980615a031419f7f3eb393237e4ecd97ac15dea343f3
      url: "https://pub.dev"
    source: hosted
    version: "0.6.7"
  json_annotation:
    dependency: transitive
    description:
      name: json_annotation
      sha256: b10a7b2ff83d83c777edba3c6a0f97045ddadd56c944e1a23a3fdf43a1bf4467
      url: "https://pub.dev"
    source: hosted
    version: "4.8.1"
  lints:
    dependency: transitive
    description:
      name: lints
      sha256: "0a217c6c989d21039f1498c3ed9f3ed71b354e69873f13a8dfc3c9fe76f1b452"
      url: "https://pub.dev"
    source: hosted
    version: "2.1.1"
  matcher:
    dependency: transitive
    description:
      name: matcher
      sha256: "6501fbd55da300384b768785b83e5ce66991266cec21af89ab9ae7f5ce1c4cbb"
      url: "https://pub.dev"
    source: hosted
    version: "0.12.15"
  material_color_utilities:
    dependency: transitive
    description:
      name: material_color_utilities
      sha256: d92141dc6fe1dad30722f9aa826c7fbc896d021d792f80678280601aff8cf724
      url: "https://pub.dev"
    source: hosted
    version: "0.2.0"
  meta:
    dependency: transitive
    description:
      name: meta
      sha256: "3c74dbf8763d36539f114c799d8a2d87343b5067e9d796ca22b5eb8437090ee3"
      url: "https://pub.dev"
    source: hosted
    version: "1.9.1"
  path:
    dependency: transitive
    description:
      name: path
      sha256: "8829d8a55c13fc0e37127c29fedf290c102f4e40ae94ada574091fe0ff96c917"
      url: "https://pub.dev"
    source: hosted
    version: "1.8.3"
  path_parsing:
    dependency: transitive
    description:
      name: path_parsing
      sha256: e3e67b1629e6f7e8100b367d3db6ba6af4b1f0bb80f64db18ef1fbabd2fa9ccf
      url: "https://pub.dev"
    source: hosted
    version: "1.0.1"
  petitparser:
    dependency: transitive
    description:
      name: petitparser
      sha256: cb3798bef7fc021ac45b308f4b51208a152792445cce0448c9a4ba5879dd8750
      url: "https://pub.dev"
    source: hosted
    version: "5.4.0"
  plugin_platform_interface:
    dependency: transitive
    description:
      name: plugin_platform_interface
      sha256: "43798d895c929056255600343db8f049921cbec94d31ec87f1dc5c16c01935dd"
      url: "https://pub.dev"
    source: hosted
    version: "2.1.5"
  pointycastle:
    dependency: transitive
    description:
      name: pointycastle
      sha256: "7c1e5f0d23c9016c5bbd8b1473d0d3fb3fc851b876046039509e18e0c7485f2c"
      url: "https://pub.dev"
    source: hosted
    version: "3.7.3"
  riverpod:
    dependency: "direct main"
    description:
      name: riverpod
      sha256: "80e48bebc83010d5e67a11c9514af6b44bbac1ec77b4333c8ea65dbc79e2d8ef"
      url: "https://pub.dev"
    source: hosted
    version: "2.3.6"
  sky_engine:
    dependency: transitive
    description: flutter
    source: sdk
    version: "0.0.99"
  source_span:
    dependency: transitive
    description:
      name: source_span
      sha256: dd904f795d4b4f3b870833847c461801f6750a9fa8e61ea5ac53f9422b31f250
      url: "https://pub.dev"
    source: hosted
    version: "1.9.1"
  stack_trace:
    dependency: transitive
    description:
      name: stack_trace
      sha256: c3c7d8edb15bee7f0f74debd4b9c5f3c2ea86766fe4178eb2a18eb30a0bdaed5
      url: "https://pub.dev"
    source: hosted
    version: "1.11.0"
  state_notifier:
    dependency: transitive
    description:
      name: state_notifier
      sha256: "8fe42610f179b843b12371e40db58c9444f8757f8b69d181c97e50787caed289"
      url: "https://pub.dev"
    source: hosted
    version: "0.7.2+1"
  stream_channel:
    dependency: transitive
    description:
      name: stream_channel
      sha256: "83615bee9045c1d322bbbd1ba209b7a749c2cbcdcb3fdd1df8eb488b3279c1c8"
      url: "https://pub.dev"
    source: hosted
    version: "2.1.1"
  string_scanner:
    dependency: transitive
    description:
      name: string_scanner
      sha256: "556692adab6cfa87322a115640c11f13cb77b3f076ddcc5d6ae3c20242bedcde"
      url: "https://pub.dev"
    source: hosted
    version: "1.2.0"
  term_glyph:
    dependency: transitive
    description:
      name: term_glyph
      sha256: a29248a84fbb7c79282b40b8c72a1209db169a2e0542bce341da992fe1bc7e84
      url: "https://pub.dev"
    source: hosted
    version: "1.2.1"
  test_api:
    dependency: transitive
    description:
      name: test_api
      sha256: eb6ac1540b26de412b3403a163d919ba86f6a973fe6cc50ae3541b80092fdcfb
      url: "https://pub.dev"
    source: hosted
    version: "0.5.1"
  tinkoff_acquiring:
    dependency: transitive
    description:
      name: tinkoff_acquiring
      sha256: b07948fafe29371ffb1152f41849e531f7d0b9fb809c2678fef4ec7c189a3549
      url: "https://pub.dev"
    source: hosted
    version: "3.0.10"
  tinkoff_acquiring_flutter:
    dependency: "direct main"
    description:
      name: tinkoff_acquiring_flutter
      sha256: a6d33c739751c2ae8d411f224d9e010a239c061c366d5fb806bc20fcc9dcefb3
      url: "https://pub.dev"
    source: hosted
    version: "3.0.10"
  typed_data:
    dependency: transitive
    description:
      name: typed_data
      sha256: facc8d6582f16042dd49f2463ff1bd6e2c9ef9f3d5da3d9b087e244a7b564b3c
      url: "https://pub.dev"
    source: hosted
    version: "1.3.2"
  vector_graphics:
    dependency: transitive
    description:
      name: vector_graphics
      sha256: "670f6e07aca990b4a2bcdc08a784193c4ccdd1932620244c3a86bb72a0eac67f"
      url: "https://pub.dev"
    source: hosted
    version: "1.1.7"
  vector_graphics_codec:
    dependency: transitive
    description:
      name: vector_graphics_codec
      sha256: "7451721781d967db9933b63f5733b1c4533022c0ba373a01bdd79d1a5457f69f"
      url: "https://pub.dev"
    source: hosted
    version: "1.1.7"
  vector_graphics_compiler:
    dependency: transitive
    description:
      name: vector_graphics_compiler
      sha256: "80a13c613c8bde758b1464a1755a7b3a8f2b6cec61fbf0f5a53c94c30f03ba2e"
      url: "https://pub.dev"
    source: hosted
    version: "1.1.7"
  vector_math:
    dependency: transitive
    description:
      name: vector_math
      sha256: "80b3257d1492ce4d091729e3a67a60407d227c27241d6927be0130c98e741803"
      url: "https://pub.dev"
    source: hosted
    version: "2.1.4"
  webview_flutter:
    dependency: transitive
    description:
      name: webview_flutter
      sha256: "789d52bd789373cc1e100fb634af2127e86c99cf9abde09499743270c5de8d00"
      url: "https://pub.dev"
    source: hosted
    version: "4.2.2"
  webview_flutter_android:
    dependency: transitive
    description:
      name: webview_flutter_android
      sha256: bca797abba472868655b5f1a6029c1132385685ee9db4713cb0e7f33076210c6
      url: "https://pub.dev"
    source: hosted
    version: "3.9.3"
  webview_flutter_platform_interface:
    dependency: transitive
    description:
      name: webview_flutter_platform_interface
      sha256: "564ef378cafc1a0e29f1d76ce175ef517a0a6115875dff7b43fccbef2b0aeb30"
      url: "https://pub.dev"
    source: hosted
    version: "2.4.0"
  webview_flutter_wkwebview:
    dependency: transitive
    description:
      name: webview_flutter_wkwebview
      sha256: ed749f94ac9e814d04a258a9255cf69cfa4cc6006ff59542aea7fb4590144972
      url: "https://pub.dev"
    source: hosted
    version: "3.7.3"
  xml:
    dependency: transitive
    description:
      name: xml
      sha256: "5bc72e1e45e941d825fd7468b9b4cc3b9327942649aeb6fc5cdbf135f0a86e84"
      url: "https://pub.dev"
    source: hosted
    version: "6.3.0"
sdks:
  dart: ">=3.0.0 <4.0.0"
  flutter: ">=3.7.0-0"
